// !$*UTF8*$!
{
	archiveVersion = 1;
	classes = {
	};
	objectVersion = 50;
	objects = {

/* Begin PBXBuildFile section */
		2B36A0582111BE0B00C31545 /* AppDelegate.swift in Sources */ = {isa = PBXBuildFile; fileRef = 2B36A0572111BE0B00C31545 /* AppDelegate.swift */; };
		2B36A05A2111BE0B00C31545 /* ViewController.swift in Sources */ = {isa = PBXBuildFile; fileRef = 2B36A0592111BE0B00C31545 /* ViewController.swift */; };
		2B36A05D2111BE0B00C31545 /* Main.storyboard in Resources */ = {isa = PBXBuildFile; fileRef = 2B36A05B2111BE0B00C31545 /* Main.storyboard */; };
		2B36A05F2111BE0E00C31545 /* Assets.xcassets in Resources */ = {isa = PBXBuildFile; fileRef = 2B36A05E2111BE0E00C31545 /* Assets.xcassets */; };
		2B36A0622111BE0E00C31545 /* LaunchScreen.storyboard in Resources */ = {isa = PBXBuildFile; fileRef = 2B36A0602111BE0E00C31545 /* LaunchScreen.storyboard */; };
		2B36A06D2111BE0E00C31545 /* BookStoreTests.swift in Sources */ = {isa = PBXBuildFile; fileRef = 2B36A06C2111BE0E00C31545 /* BookStoreTests.swift */; };
		2B36A0782111BE0E00C31545 /* BookStoreUITests.swift in Sources */ = {isa = PBXBuildFile; fileRef = 2B36A0772111BE0E00C31545 /* BookStoreUITests.swift */; };
/* End PBXBuildFile section */

/* Begin PBXContainerItemProxy section */
		2B36A0692111BE0E00C31545 /* PBXContainerItemProxy */ = {
			isa = PBXContainerItemProxy;
			containerPortal = 2B36A04C2111BE0B00C31545 /* Project object */;
			proxyType = 1;
			remoteGlobalIDString = 2B36A0532111BE0B00C31545;
			remoteInfo = BookStore;
		};
		2B36A0742111BE0E00C31545 /* PBXContainerItemProxy */ = {
			isa = PBXContainerItemProxy;
			containerPortal = 2B36A04C2111BE0B00C31545 /* Project object */;
			proxyType = 1;
			remoteGlobalIDString = 2B36A0532111BE0B00C31545;
			remoteInfo = BookStore;
		};
/* End PBXContainerItemProxy section */

/* Begin PBXFileReference section */
		2B36A0542111BE0B00C31545 /* BookStore.app */ = {isa = PBXFileReference; explicitFileType = wrapper.application; includeInIndex = 0; path = BookStore.app; sourceTree = BUILT_PRODUCTS_DIR; };
		2B36A0572111BE0B00C31545 /* AppDelegate.swift */ = {isa = PBXFileReference; lastKnownFileType = sourcecode.swift; path = AppDelegate.swift; sourceTree = "<group>"; };
		2B36A0592111BE0B00C31545 /* ViewController.swift */ = {isa = PBXFileReference; lastKnownFileType = sourcecode.swift; path = ViewController.swift; sourceTree = "<group>"; };
		2B36A05C2111BE0B00C31545 /* Base */ = {isa = PBXFileReference; lastKnownFileType = file.storyboard; name = Base; path = Base.lproj/Main.storyboard; sourceTree = "<group>"; };
		2B36A05E2111BE0E00C31545 /* Assets.xcassets */ = {isa = PBXFileReference; lastKnownFileType = folder.assetcatalog; path = Assets.xcassets; sourceTree = "<group>"; };
		2B36A0612111BE0E00C31545 /* Base */ = {isa = PBXFileReference; lastKnownFileType = file.storyboard; name = Base; path = Base.lproj/LaunchScreen.storyboard; sourceTree = "<group>"; };
		2B36A0632111BE0E00C31545 /* Info.plist */ = {isa = PBXFileReference; lastKnownFileType = text.plist.xml; path = Info.plist; sourceTree = "<group>"; };
		2B36A0682111BE0E00C31545 /* BookStoreTests.xctest */ = {isa = PBXFileReference; explicitFileType = wrapper.cfbundle; includeInIndex = 0; path = BookStoreTests.xctest; sourceTree = BUILT_PRODUCTS_DIR; };
		2B36A06C2111BE0E00C31545 /* BookStoreTests.swift */ = {isa = PBXFileReference; lastKnownFileType = sourcecode.swift; path = BookStoreTests.swift; sourceTree = "<group>"; };
		2B36A06E2111BE0E00C31545 /* Info.plist */ = {isa = PBXFileReference; lastKnownFileType = text.plist.xml; path = Info.plist; sourceTree = "<group>"; };
		2B36A0732111BE0E00C31545 /* BookStoreUITests.xctest */ = {isa = PBXFileReference; explicitFileType = wrapper.cfbundle; includeInIndex = 0; path = BookStoreUITests.xctest; sourceTree = BUILT_PRODUCTS_DIR; };
		2B36A0772111BE0E00C31545 /* BookStoreUITests.swift */ = {isa = PBXFileReference; lastKnownFileType = sourcecode.swift; path = BookStoreUITests.swift; sourceTree = "<group>"; };
		2B36A0792111BE0E00C31545 /* Info.plist */ = {isa = PBXFileReference; lastKnownFileType = text.plist.xml; path = Info.plist; sourceTree = "<group>"; };
/* End PBXFileReference section */

/* Begin PBXFrameworksBuildPhase section */
		2B36A0512111BE0B00C31545 /* Frameworks */ = {
			isa = PBXFrameworksBuildPhase;
			buildActionMask = 2147483647;
			files = (
			);
			runOnlyForDeploymentPostprocessing = 0;
		};
		2B36A0652111BE0E00C31545 /* Frameworks */ = {
			isa = PBXFrameworksBuildPhase;
			buildActionMask = 2147483647;
			files = (
			);
			runOnlyForDeploymentPostprocessing = 0;
		};
		2B36A0702111BE0E00C31545 /* Frameworks */ = {
			isa = PBXFrameworksBuildPhase;
			buildActionMask = 2147483647;
			files = (
			);
			runOnlyForDeploymentPostprocessing = 0;
		};
/* End PBXFrameworksBuildPhase section */

/* Begin PBXGroup section */
		2B36A04B2111BE0B00C31545 = {
			isa = PBXGroup;
			children = (
				2B36A0562111BE0B00C31545 /* BookStore */,
				2B36A06B2111BE0E00C31545 /* BookStoreTests */,
				2B36A0762111BE0E00C31545 /* BookStoreUITests */,
				2B36A0552111BE0B00C31545 /* Products */,
			);
			sourceTree = "<group>";
		};
		2B36A0552111BE0B00C31545 /* Products */ = {
			isa = PBXGroup;
			children = (
				2B36A0542111BE0B00C31545 /* BookStore.app */,
				2B36A0682111BE0E00C31545 /* BookStoreTests.xctest */,
				2B36A0732111BE0E00C31545 /* BookStoreUITests.xctest */,
			);
			name = Products;
			sourceTree = "<group>";
		};
		2B36A0562111BE0B00C31545 /* BookStore */ = {
			isa = PBXGroup;
			children = (
				2B36A0572111BE0B00C31545 /* AppDelegate.swift */,
				2B36A0592111BE0B00C31545 /* ViewController.swift */,
				2B36A05B2111BE0B00C31545 /* Main.storyboard */,
				2B36A05E2111BE0E00C31545 /* Assets.xcassets */,
				2B36A0602111BE0E00C31545 /* LaunchScreen.storyboard */,
				2B36A0632111BE0E00C31545 /* Info.plist */,
			);
			path = BookStore;
			sourceTree = "<group>";
		};
		2B36A06B2111BE0E00C31545 /* BookStoreTests */ = {
			isa = PBXGroup;
			children = (
				2B36A06C2111BE0E00C31545 /* BookStoreTests.swift */,
				2B36A06E2111BE0E00C31545 /* Info.plist */,
			);
			path = BookStoreTests;
			sourceTree = "<group>";
		};
		2B36A0762111BE0E00C31545 /* BookStoreUITests */ = {
			isa = PBXGroup;
			children = (
				2B36A0772111BE0E00C31545 /* BookStoreUITests.swift */,
				2B36A0792111BE0E00C31545 /* Info.plist */,
			);
			path = BookStoreUITests;
			sourceTree = "<group>";
		};
/* End PBXGroup section */

/* Begin PBXNativeTarget section */
		2B36A0532111BE0B00C31545 /* BookStore */ = {
			isa = PBXNativeTarget;
			buildConfigurationList = 2B36A07C2111BE0E00C31545 /* Build configuration list for PBXNativeTarget "BookStore" */;
			buildPhases = (
				2B36A0502111BE0B00C31545 /* Sources */,
				2B36A0512111BE0B00C31545 /* Frameworks */,
				2B36A0522111BE0B00C31545 /* Resources */,
			);
			buildRules = (
			);
			dependencies = (
			);
			name = BookStore;
			productName = BookStore;
			productReference = 2B36A0542111BE0B00C31545 /* BookStore.app */;
			productType = "com.apple.product-type.application";
		};
		2B36A0672111BE0E00C31545 /* BookStoreTests */ = {
			isa = PBXNativeTarget;
			buildConfigurationList = 2B36A07F2111BE0E00C31545 /* Build configuration list for PBXNativeTarget "BookStoreTests" */;
			buildPhases = (
				2B36A0642111BE0E00C31545 /* Sources */,
				2B36A0652111BE0E00C31545 /* Frameworks */,
				2B36A0662111BE0E00C31545 /* Resources */,
			);
			buildRules = (
			);
			dependencies = (
				2B36A06A2111BE0E00C31545 /* PBXTargetDependency */,
			);
			name = BookStoreTests;
			productName = BookStoreTests;
			productReference = 2B36A0682111BE0E00C31545 /* BookStoreTests.xctest */;
			productType = "com.apple.product-type.bundle.unit-test";
		};
		2B36A0722111BE0E00C31545 /* BookStoreUITests */ = {
			isa = PBXNativeTarget;
			buildConfigurationList = 2B36A0822111BE0E00C31545 /* Build configuration list for PBXNativeTarget "BookStoreUITests" */;
			buildPhases = (
				2B36A06F2111BE0E00C31545 /* Sources */,
				2B36A0702111BE0E00C31545 /* Frameworks */,
				2B36A0712111BE0E00C31545 /* Resources */,
			);
			buildRules = (
			);
			dependencies = (
				2B36A0752111BE0E00C31545 /* PBXTargetDependency */,
			);
			name = BookStoreUITests;
			productName = BookStoreUITests;
			productReference = 2B36A0732111BE0E00C31545 /* BookStoreUITests.xctest */;
			productType = "com.apple.product-type.bundle.ui-testing";
		};
/* End PBXNativeTarget section */

/* Begin PBXProject section */
		2B36A04C2111BE0B00C31545 /* Project object */ = {
			isa = PBXProject;
			attributes = {
				LastSwiftUpdateCheck = 0940;
				LastUpgradeCheck = 0940;
				ORGANIZATIONNAME = speed;
				TargetAttributes = {
					2B36A0532111BE0B00C31545 = {
						CreatedOnToolsVersion = 9.4.1;
					};
					2B36A0672111BE0E00C31545 = {
						CreatedOnToolsVersion = 9.4.1;
						TestTargetID = 2B36A0532111BE0B00C31545;
					};
					2B36A0722111BE0E00C31545 = {
						CreatedOnToolsVersion = 9.4.1;
						TestTargetID = 2B36A0532111BE0B00C31545;
					};
				};
			};
			buildConfigurationList = 2B36A04F2111BE0B00C31545 /* Build configuration list for PBXProject "BookStore" */;
			compatibilityVersion = "Xcode 9.3";
			developmentRegion = en;
			hasScannedForEncodings = 0;
			knownRegions = (
				en,
				Base,
			);
			mainGroup = 2B36A04B2111BE0B00C31545;
			productRefGroup = 2B36A0552111BE0B00C31545 /* Products */;
			projectDirPath = "";
			projectRoot = "";
			targets = (
				2B36A0532111BE0B00C31545 /* BookStore */,
				2B36A0672111BE0E00C31545 /* BookStoreTests */,
				2B36A0722111BE0E00C31545 /* BookStoreUITests */,
			);
		};
/* End PBXProject section */

/* Begin PBXResourcesBuildPhase section */
		2B36A0522111BE0B00C31545 /* Resources */ = {
			isa = PBXResourcesBuildPhase;
			buildActionMask = 2147483647;
			files = (
				2B36A0622111BE0E00C31545 /* LaunchScreen.storyboard in Resources */,
				2B36A05F2111BE0E00C31545 /* Assets.xcassets in Resources */,
				2B36A05D2111BE0B00C31545 /* Main.storyboard in Resources */,
			);
			runOnlyForDeploymentPostprocessing = 0;
		};
		2B36A0662111BE0E00C31545 /* Resources */ = {
			isa = PBXResourcesBuildPhase;
			buildActionMask = 2147483647;
			files = (
			);
			runOnlyForDeploymentPostprocessing = 0;
		};
		2B36A0712111BE0E00C31545 /* Resources */ = {
			isa = PBXResourcesBuildPhase;
			buildActionMask = 2147483647;
			files = (
			);
			runOnlyForDeploymentPostprocessing = 0;
		};
/* End PBXResourcesBuildPhase section */

/* Begin PBXSourcesBuildPhase section */
		2B36A0502111BE0B00C31545 /* Sources */ = {
			isa = PBXSourcesBuildPhase;
			buildActionMask = 2147483647;
			files = (
				2B36A05A2111BE0B00C31545 /* ViewController.swift in Sources */,
				2B36A0582111BE0B00C31545 /* AppDelegate.swift in Sources */,
			);
			runOnlyForDeploymentPostprocessing = 0;
		};
		2B36A0642111BE0E00C31545 /* Sources */ = {
			isa = PBXSourcesBuildPhase;
			buildActionMask = 2147483647;
			files = (
				2B36A06D2111BE0E00C31545 /* BookStoreTests.swift in Sources */,
			);
			runOnlyForDeploymentPostprocessing = 0;
		};
		2B36A06F2111BE0E00C31545 /* Sources */ = {
			isa = PBXSourcesBuildPhase;
			buildActionMask = 2147483647;
			files = (
				2B36A0782111BE0E00C31545 /* BookStoreUITests.swift in Sources */,
			);
			runOnlyForDeploymentPostprocessing = 0;
		};
/* End PBXSourcesBuildPhase section */

/* Begin PBXTargetDependency section */
		2B36A06A2111BE0E00C31545 /* PBXTargetDependency */ = {
			isa = PBXTargetDependency;
			target = 2B36A0532111BE0B00C31545 /* BookStore */;
			targetProxy = 2B36A0692111BE0E00C31545 /* PBXContainerItemProxy */;
		};
		2B36A0752111BE0E00C31545 /* PBXTargetDependency */ = {
			isa = PBXTargetDependency;
			target = 2B36A0532111BE0B00C31545 /* BookStore */;
			targetProxy = 2B36A0742111BE0E00C31545 /* PBXContainerItemProxy */;
		};
/* End PBXTargetDependency section */

/* Begin PBXVariantGroup section */
		2B36A05B2111BE0B00C31545 /* Main.storyboard */ = {
			isa = PBXVariantGroup;
			children = (
				2B36A05C2111BE0B00C31545 /* Base */,
			);
			name = Main.storyboard;
			sourceTree = "<group>";
		};
		2B36A0602111BE0E00C31545 /* LaunchScreen.storyboard */ = {
			isa = PBXVariantGroup;
			children = (
				2B36A0612111BE0E00C31545 /* Base */,
			);
			name = LaunchScreen.storyboard;
			sourceTree = "<group>";
		};
/* End PBXVariantGroup section */

/* Begin XCBuildConfiguration section */
		2B36A07A2111BE0E00C31545 /* Debug */ = {
			isa = XCBuildConfiguration;
			buildSettings = {
				ALWAYS_SEARCH_USER_PATHS = NO;
				CLANG_ANALYZER_NONNULL = YES;
				CLANG_ANALYZER_NUMBER_OBJECT_CONVERSION = YES_AGGRESSIVE;
				CLANG_CXX_LANGUAGE_STANDARD = "gnu++14";
				CLANG_CXX_LIBRARY = "libc++";
				CLANG_ENABLE_MODULES = YES;
				CLANG_ENABLE_OBJC_ARC = YES;
				CLANG_ENABLE_OBJC_WEAK = YES;
				CLANG_WARN_BLOCK_CAPTURE_AUTORELEASING = YES;
				CLANG_WARN_BOOL_CONVERSION = YES;
				CLANG_WARN_COMMA = YES;
				CLANG_WARN_CONSTANT_CONVERSION = YES;
				CLANG_WARN_DEPRECATED_OBJC_IMPLEMENTATIONS = YES;
				CLANG_WARN_DIRECT_OBJC_ISA_USAGE = YES_ERROR;
				CLANG_WARN_DOCUMENTATION_COMMENTS = YES;
				CLANG_WARN_EMPTY_BODY = YES;
				CLANG_WARN_ENUM_CONVERSION = YES;
				CLANG_WARN_INFINITE_RECURSION = YES;
				CLANG_WARN_INT_CONVERSION = YES;
				CLANG_WARN_NON_LITERAL_NULL_CONVERSION = YES;
				CLANG_WARN_OBJC_IMPLICIT_RETAIN_SELF = YES;
				CLANG_WARN_OBJC_LITERAL_CONVERSION = YES;
				CLANG_WARN_OBJC_ROOT_CLASS = YES_ERROR;
				CLANG_WARN_RANGE_LOOP_ANALYSIS = YES;
				CLANG_WARN_STRICT_PROTOTYPES = YES;
				CLANG_WARN_SUSPICIOUS_MOVE = YES;
				CLANG_WARN_UNGUARDED_AVAILABILITY = YES_AGGRESSIVE;
				CLANG_WARN_UNREACHABLE_CODE = YES;
				CLANG_WARN__DUPLICATE_METHOD_MATCH = YES;
				CODE_SIGN_IDENTITY = "iPhone Developer";
				COPY_PHASE_STRIP = NO;
				DEBUG_INFORMATION_FORMAT = dwarf;
				ENABLE_STRICT_OBJC_MSGSEND = YES;
				ENABLE_TESTABILITY = YES;
				GCC_C_LANGUAGE_STANDARD = gnu11;
				GCC_DYNAMIC_NO_PIC = NO;
				GCC_NO_COMMON_BLOCKS = YES;
				GCC_OPTIMIZATION_LEVEL = 0;
				GCC_PREPROCESSOR_DEFINITIONS = (
					"DEBUG=1",
					"$(inherited)",
				);
				GCC_WARN_64_TO_32_BIT_CONVERSION = YES;
				GCC_WARN_ABOUT_RETURN_TYPE = YES_ERROR;
				GCC_WARN_UNDECLARED_SELECTOR = YES;
				GCC_WARN_UNINITIALIZED_AUTOS = YES_AGGRESSIVE;
				GCC_WARN_UNUSED_FUNCTION = YES;
				GCC_WARN_UNUSED_VARIABLE = YES;
				IPHONEOS_DEPLOYMENT_TARGET = 11.4;
				MTL_ENABLE_DEBUG_INFO = YES;
				ONLY_ACTIVE_ARCH = YES;
				SDKROOT = iphoneos;
				SWIFT_ACTIVE_COMPILATION_CONDITIONS = DEBUG;
				SWIFT_OPTIMIZATION_LEVEL = "-Onone";
			};
			name = Debug;
		};
		2B36A07B2111BE0E00C31545 /* Release */ = {
			isa = XCBuildConfiguration;
			buildSettings = {
				ALWAYS_SEARCH_USER_PATHS = NO;
				CLANG_ANALYZER_NONNULL = YES;
				CLANG_ANALYZER_NUMBER_OBJECT_CONVERSION = YES_AGGRESSIVE;
				CLANG_CXX_LANGUAGE_STANDARD = "gnu++14";
				CLANG_CXX_LIBRARY = "libc++";
				CLANG_ENABLE_MODULES = YES;
				CLANG_ENABLE_OBJC_ARC = YES;
				CLANG_ENABLE_OBJC_WEAK = YES;
				CLANG_WARN_BLOCK_CAPTURE_AUTORELEASING = YES;
				CLANG_WARN_BOOL_CONVERSION = YES;
				CLANG_WARN_COMMA = YES;
				CLANG_WARN_CONSTANT_CONVERSION = YES;
				CLANG_WARN_DEPRECATED_OBJC_IMPLEMENTATIONS = YES;
				CLANG_WARN_DIRECT_OBJC_ISA_USAGE = YES_ERROR;
				CLANG_WARN_DOCUMENTATION_COMMENTS = YES;
				CLANG_WARN_EMPTY_BODY = YES;
				CLANG_WARN_ENUM_CONVERSION = YES;
				CLANG_WARN_INFINITE_RECURSION = YES;
				CLANG_WARN_INT_CONVERSION = YES;
				CLANG_WARN_NON_LITERAL_NULL_CONVERSION = YES;
				CLANG_WARN_OBJC_IMPLICIT_RETAIN_SELF = YES;
				CLANG_WARN_OBJC_LITERAL_CONVERSION = YES;
				CLANG_WARN_OBJC_ROOT_CLASS = YES_ERROR;
				CLANG_WARN_RANGE_LOOP_ANALYSIS = YES;
				CLANG_WARN_STRICT_PROTOTYPES = YES;
				CLANG_WARN_SUSPICIOUS_MOVE = YES;
				CLANG_WARN_UNGUARDED_AVAILABILITY = YES_AGGRESSIVE;
				CLANG_WARN_UNREACHABLE_CODE = YES;
				CLANG_WARN__DUPLICATE_METHOD_MATCH = YES;
				CODE_SIGN_IDENTITY = "iPhone Developer";
				COPY_PHASE_STRIP = NO;
				DEBUG_INFORMATION_FORMAT = "dwarf-with-dsym";
				ENABLE_NS_ASSERTIONS = NO;
				ENABLE_STRICT_OBJC_MSGSEND = YES;
				GCC_C_LANGUAGE_STANDARD = gnu11;
				GCC_NO_COMMON_BLOCKS = YES;
				GCC_WARN_64_TO_32_BIT_CONVERSION = YES;
				GCC_WARN_ABOUT_RETURN_TYPE = YES_ERROR;
				GCC_WARN_UNDECLARED_SELECTOR = YES;
				GCC_WARN_UNINITIALIZED_AUTOS = YES_AGGRESSIVE;
				GCC_WARN_UNUSED_FUNCTION = YES;
				GCC_WARN_UNUSED_VARIABLE = YES;
				IPHONEOS_DEPLOYMENT_TARGET = 11.4;
				MTL_ENABLE_DEBUG_INFO = NO;
				SDKROOT = iphoneos;
				SWIFT_COMPILATION_MODE = wholemodule;
				SWIFT_OPTIMIZATION_LEVEL = "-O";
				VALIDATE_PRODUCT = YES;
			};
			name = Release;
		};
		2B36A07D2111BE0E00C31545 /* Debug */ = {
			isa = XCBuildConfiguration;
			buildSettings = {
				ASSETCATALOG_COMPILER_APPICON_NAME = AppIcon;
				CODE_SIGN_STYLE = Automatic;
				DEVELOPMENT_TEAM = K63S3884G5;
				INFOPLIST_FILE = BookStore/Info.plist;
				LD_RUNPATH_SEARCH_PATHS = (
					"$(inherited)",
					"@executable_path/Frameworks",
				);
				PRODUCT_BUNDLE_IDENTIFIER = speed.BookStore;
				PRODUCT_NAME = "$(TARGET_NAME)";
				SWIFT_VERSION = 4.0;
				TARGETED_DEVICE_FAMILY = "1,2";
			};
			name = Debug;
		};
		2B36A07E2111BE0E00C31545 /* Release */ = {
			isa = XCBuildConfiguration;
			buildSettings = {
				ASSETCATALOG_COMPILER_APPICON_NAME = AppIcon;
				CODE_SIGN_STYLE = Automatic;
				DEVELOPMENT_TEAM = K63S3884G5;
				INFOPLIST_FILE = BookStore/Info.plist;
				LD_RUNPATH_SEARCH_PATHS = (
					"$(inherited)",
					"@executable_path/Frameworks",
				);
				PRODUCT_BUNDLE_IDENTIFIER = speed.BookStore;
				PRODUCT_NAME = "$(TARGET_NAME)";
				SWIFT_VERSION = 4.0;
				TARGETED_DEVICE_FAMILY = "1,2";
			};
			name = Release;
		};
		2B36A0802111BE0E00C31545 /* Debug */ = {
			isa = XCBuildConfiguration;
			buildSettings = {
				ALWAYS_EMBED_SWIFT_STANDARD_LIBRARIES = YES;
				BUNDLE_LOADER = "$(TEST_HOST)";
				CODE_SIGN_STYLE = Automatic;
				DEVELOPMENT_TEAM = K63S3884G5;
				INFOPLIST_FILE = BookStoreTests/Info.plist;
				LD_RUNPATH_SEARCH_PATHS = (
					"$(inherited)",
					"@executable_path/Frameworks",
					"@loader_path/Frameworks",
				);
				PRODUCT_BUNDLE_IDENTIFIER = speed.BookStoreTests;
				PRODUCT_NAME = "$(TARGET_NAME)";
				SWIFT_VERSION = 4.0;
				TARGETED_DEVICE_FAMILY = "1,2";
				TEST_HOST = "$(BUILT_PRODUCTS_DIR)/BookStore.app/BookStore";
			};
			name = Debug;
		};
		2B36A0812111BE0E00C31545 /* Release */ = {
			isa = XCBuildConfiguration;
			buildSettings = {
				ALWAYS_EMBED_SWIFT_STANDARD_LIBRARIES = YES;
				BUNDLE_LOADER = "$(TEST_HOST)";
				CODE_SIGN_STYLE = Automatic;
				DEVELOPMENT_TEAM = K63S3884G5;
				INFOPLIST_FILE = BookStoreTests/Info.plist;
				LD_RUNPATH_SEARCH_PATHS = (
					"$(inherited)",
					"@executable_path/Frameworks",
					"@loader_path/Frameworks",
				);
				PRODUCT_BUNDLE_IDENTIFIER = speed.BookStoreTests;
				PRODUCT_NAME = "$(TARGET_NAME)";
				SWIFT_VERSION = 4.0;
				TARGETED_DEVICE_FAMILY = "1,2";
				TEST_HOST = "$(BUILT_PRODUCTS_DIR)/BookStore.app/BookStore";
			};
			name = Release;
		};
		2B36A0832111BE0E00C31545 /* Debug */ = {
			isa = XCBuildConfiguration;
			buildSettings = {
				ALWAYS_EMBED_SWIFT_STANDARD_LIBRARIES = YES;
				CODE_SIGN_STYLE = Automatic;
				DEVELOPMENT_TEAM = K63S3884G5;
				INFOPLIST_FILE = BookStoreUITests/Info.plist;
				LD_RUNPATH_SEARCH_PATHS = (
					"$(inherited)",
					"@executable_path/Frameworks",
					"@loader_path/Frameworks",
				);
				PRODUCT_BUNDLE_IDENTIFIER = speed.BookStoreUITests;
				PRODUCT_NAME = "$(TARGET_NAME)";
				SWIFT_VERSION = 4.0;
				TARGETED_DEVICE_FAMILY = "1,2";
				TEST_TARGET_NAME = BookStore;
			};
			name = Debug;
		};
		2B36A0842111BE0E00C31545 /* Release */ = {
			isa = XCBuildConfiguration;
			buildSettings = {
				ALWAYS_EMBED_SWIFT_STANDARD_LIBRARIES = YES;
				CODE_SIGN_STYLE = Automatic;
				DEVELOPMENT_TEAM = K63S3884G5;
				INFOPLIST_FILE = BookStoreUITests/Info.plist;
				LD_RUNPATH_SEARCH_PATHS = (
					"$(inherited)",
					"@executable_path/Frameworks",
					"@loader_path/Frameworks",
				);
				PRODUCT_BUNDLE_IDENTIFIER = speed.BookStoreUITests;
				PRODUCT_NAME = "$(TARGET_NAME)";
				SWIFT_VERSION = 4.0;
				TARGETED_DEVICE_FAMILY = "1,2";
				TEST_TARGET_NAME = BookStore;
			};
			name = Release;
		};
/* End XCBuildConfiguration section */

/* Begin XCConfigurationList section */
		2B36A04F2111BE0B00C31545 /* Build configuration list for PBXProject "BookStore" */ = {
			isa = XCConfigurationList;
			buildConfigurations = (
				2B36A07A2111BE0E00C31545 /* Debug */,
				2B36A07B2111BE0E00C31545 /* Release */,
			);
			defaultConfigurationIsVisible = 0;
			defaultConfigurationName = Release;
		};
		2B36A07C2111BE0E00C31545 /* Build configuration list for PBXNativeTarget "BookStore" */ = {
			isa = XCConfigurationList;
			buildConfigurations = (
				2B36A07D2111BE0E00C31545 /* Debug */,
				2B36A07E2111BE0E00C31545 /* Release */,
			);
			defaultConfigurationIsVisible = 0;
			defaultConfigurationName = Release;
		};
		2B36A07F2111BE0E00C31545 /* Build configuration list for PBXNativeTarget "BookStoreTests" */ = {
			isa = XCConfigurationList;
			buildConfigurations = (
				2B36A0802111BE0E00C31545 /* Debug */,
				2B36A0812111BE0E00C31545 /* Release */,
			);
			defaultConfigurationIsVisible = 0;
			defaultConfigurationName = Release;
		};
		2B36A0822111BE0E00C31545 /* Build configuration list for PBXNativeTarget "BookStoreUITests" */ = {
			isa = XCConfigurationList;
			buildConfigurations = (
				2B36A0832111BE0E00C31545 /* Debug */,
				2B36A0842111BE0E00C31545 /* Release */,
			);
			defaultConfigurationIsVisible = 0;
			defaultConfigurationName = Release;
		};
/* End XCConfigurationList section */
	};
	rootObject = 2B36A04C2111BE0B00C31545 /* Project object */;
}
